// !$*UTF8*$!
{
	archiveVersion = 1;
	classes = {
	};
	objectVersion = 56;
	objects = {

/* Begin PBXBuildFile section */
		A313EFC32C73AB150056B40B /* UserSingleton.swift in Sources */ = {isa = PBXBuildFile; fileRef = A313EFC22C73AB150056B40B /* UserSingleton.swift */; };
		A3C313EC2C710DDE0098FC05 /* FirebaseAnalytics in Frameworks */ = {isa = PBXBuildFile; productRef = A3C313EB2C710DDE0098FC05 /* FirebaseAnalytics */; };
		A3C313EE2C710DDE0098FC05 /* FirebaseAuth in Frameworks */ = {isa = PBXBuildFile; productRef = A3C313ED2C710DDE0098FC05 /* FirebaseAuth */; };
		A3C313F02C710DDE0098FC05 /* FirebaseFirestore in Frameworks */ = {isa = PBXBuildFile; productRef = A3C313EF2C710DDE0098FC05 /* FirebaseFirestore */; };
		A3C313F22C710DDE0098FC05 /* FirebaseStorage in Frameworks */ = {isa = PBXBuildFile; productRef = A3C313F12C710DDE0098FC05 /* FirebaseStorage */; };
		A3C313F42C7120E00098FC05 /* FeedVC.swift in Sources */ = {isa = PBXBuildFile; fileRef = A3C313F32C7120E00098FC05 /* FeedVC.swift */; };
		A3C313F62C7120FD0098FC05 /* UploadVC.swift in Sources */ = {isa = PBXBuildFile; fileRef = A3C313F52C7120FD0098FC05 /* UploadVC.swift */; };
		A3C313F82C71213B0098FC05 /* SettingsVC.swift in Sources */ = {isa = PBXBuildFile; fileRef = A3C313F72C71213B0098FC05 /* SettingsVC.swift */; };
		A3C313FC2C7126B20098FC05 /* SnapVC.swift in Sources */ = {isa = PBXBuildFile; fileRef = A3C313FB2C7126B20098FC05 /* SnapVC.swift */; };
		A3D40DA82C71099500D67FB2 /* AppDelegate.swift in Sources */ = {isa = PBXBuildFile; fileRef = A3D40DA72C71099500D67FB2 /* AppDelegate.swift */; };
		A3D40DAA2C71099500D67FB2 /* SceneDelegate.swift in Sources */ = {isa = PBXBuildFile; fileRef = A3D40DA92C71099500D67FB2 /* SceneDelegate.swift */; };
		A3D40DAC2C71099500D67FB2 /* SignInVC.swift in Sources */ = {isa = PBXBuildFile; fileRef = A3D40DAB2C71099500D67FB2 /* SignInVC.swift */; };
		A3D40DAF2C71099500D67FB2 /* Base in Resources */ = {isa = PBXBuildFile; fileRef = A3D40DAE2C71099500D67FB2 /* Base */; };
		A3D40DB12C71099600D67FB2 /* Assets.xcassets in Resources */ = {isa = PBXBuildFile; fileRef = A3D40DB02C71099600D67FB2 /* Assets.xcassets */; };
		A3D40DB42C71099600D67FB2 /* Base in Resources */ = {isa = PBXBuildFile; fileRef = A3D40DB32C71099600D67FB2 /* Base */; };
		A3D40DBC2C710B8500D67FB2 /* GoogleService-Info.plist in Resources */ = {isa = PBXBuildFile; fileRef = A3D40DBB2C710B8500D67FB2 /* GoogleService-Info.plist */; };
		A3D663842C742EBB00E14445 /* FeedCell.swift in Sources */ = {isa = PBXBuildFile; fileRef = A3D663832C742EBB00E14445 /* FeedCell.swift */; };
/* End PBXBuildFile section */

/* Begin PBXFileReference section */
		A313EFC22C73AB150056B40B /* UserSingleton.swift */ = {isa = PBXFileReference; lastKnownFileType = sourcecode.swift; path = UserSingleton.swift; sourceTree = "<group>"; };
		A3C313F32C7120E00098FC05 /* FeedVC.swift */ = {isa = PBXFileReference; lastKnownFileType = sourcecode.swift; path = FeedVC.swift; sourceTree = "<group>"; };
		A3C313F52C7120FD0098FC05 /* UploadVC.swift */ = {isa = PBXFileReference; lastKnownFileType = sourcecode.swift; path = UploadVC.swift; sourceTree = "<group>"; };
		A3C313F72C71213B0098FC05 /* SettingsVC.swift */ = {isa = PBXFileReference; lastKnownFileType = sourcecode.swift; path = SettingsVC.swift; sourceTree = "<group>"; };
		A3C313FB2C7126B20098FC05 /* SnapVC.swift */ = {isa = PBXFileReference; lastKnownFileType = sourcecode.swift; path = SnapVC.swift; sourceTree = "<group>"; };
		A3D40DA42C71099500D67FB2 /* SnapchatClone.app */ = {isa = PBXFileReference; explicitFileType = wrapper.application; includeInIndex = 0; path = SnapchatClone.app; sourceTree = BUILT_PRODUCTS_DIR; };
		A3D40DA72C71099500D67FB2 /* AppDelegate.swift */ = {isa = PBXFileReference; lastKnownFileType = sourcecode.swift; path = AppDelegate.swift; sourceTree = "<group>"; };
		A3D40DA92C71099500D67FB2 /* SceneDelegate.swift */ = {isa = PBXFileReference; lastKnownFileType = sourcecode.swift; path = SceneDelegate.swift; sourceTree = "<group>"; };
		A3D40DAB2C71099500D67FB2 /* SignInVC.swift */ = {isa = PBXFileReference; lastKnownFileType = sourcecode.swift; path = SignInVC.swift; sourceTree = "<group>"; };
		A3D40DAE2C71099500D67FB2 /* Base */ = {isa = PBXFileReference; lastKnownFileType = file.storyboard; name = Base; path = Base.lproj/Main.storyboard; sourceTree = "<group>"; };
		A3D40DB02C71099600D67FB2 /* Assets.xcassets */ = {isa = PBXFileReference; lastKnownFileType = folder.assetcatalog; path = Assets.xcassets; sourceTree = "<group>"; };
		A3D40DB32C71099600D67FB2 /* Base */ = {isa = PBXFileReference; lastKnownFileType = file.storyboard; name = Base; path = Base.lproj/LaunchScreen.storyboard; sourceTree = "<group>"; };
		A3D40DB52C71099600D67FB2 /* Info.plist */ = {isa = PBXFileReference; lastKnownFileType = text.plist.xml; path = Info.plist; sourceTree = "<group>"; };
		A3D40DBB2C710B8500D67FB2 /* GoogleService-Info.plist */ = {isa = PBXFileReference; fileEncoding = 4; lastKnownFileType = text.plist.xml; path = "GoogleService-Info.plist"; sourceTree = "<group>"; };
		A3D663832C742EBB00E14445 /* FeedCell.swift */ = {isa = PBXFileReference; lastKnownFileType = sourcecode.swift; path = FeedCell.swift; sourceTree = "<group>"; };
/* End PBXFileReference section */

/* Begin PBXFrameworksBuildPhase section */
		A3D40DA12C71099500D67FB2 /* Frameworks */ = {
			isa = PBXFrameworksBuildPhase;
			buildActionMask = 2147483647;
			files = (
				A3C313EC2C710DDE0098FC05 /* FirebaseAnalytics in Frameworks */,
				A3C313F22C710DDE0098FC05 /* FirebaseStorage in Frameworks */,
				A3C313EE2C710DDE0098FC05 /* FirebaseAuth in Frameworks */,
				A3C313F02C710DDE0098FC05 /* FirebaseFirestore in Frameworks */,
			);
			runOnlyForDeploymentPostprocessing = 0;
		};
/* End PBXFrameworksBuildPhase section */

/* Begin PBXGroup section */
		A313EFC12C73AAF70056B40B /* Model */ = {
			isa = PBXGroup;
			children = (
				A313EFC22C73AB150056B40B /* UserSingleton.swift */,
			);
			path = Model;
			sourceTree = "<group>";
		};
		A3C313F92C71214B0098FC05 /* ViewControllers */ = {
			isa = PBXGroup;
			children = (
				A3C313F72C71213B0098FC05 /* SettingsVC.swift */,
				A3C313F52C7120FD0098FC05 /* UploadVC.swift */,
				A3C313F32C7120E00098FC05 /* FeedVC.swift */,
				A3D40DAB2C71099500D67FB2 /* SignInVC.swift */,
				A3C313FB2C7126B20098FC05 /* SnapVC.swift */,
				A3D663832C742EBB00E14445 /* FeedCell.swift */,
			);
			path = ViewControllers;
			sourceTree = "<group>";
		};
		A3C313FA2C7121800098FC05 /* Delegates */ = {
			isa = PBXGroup;
			children = (
				A3D40DA92C71099500D67FB2 /* SceneDelegate.swift */,
				A3D40DA72C71099500D67FB2 /* AppDelegate.swift */,
			);
			path = Delegates;
			sourceTree = "<group>";
		};
		A3D40D9B2C71099500D67FB2 = {
			isa = PBXGroup;
			children = (
				A3D40DA62C71099500D67FB2 /* SnapchatClone */,
				A3D40DA52C71099500D67FB2 /* Products */,
			);
			sourceTree = "<group>";
		};
		A3D40DA52C71099500D67FB2 /* Products */ = {
			isa = PBXGroup;
			children = (
				A3D40DA42C71099500D67FB2 /* SnapchatClone.app */,
			);
			name = Products;
			sourceTree = "<group>";
		};
		A3D40DA62C71099500D67FB2 /* SnapchatClone */ = {
			isa = PBXGroup;
			children = (
				A313EFC12C73AAF70056B40B /* Model */,
				A3C313FA2C7121800098FC05 /* Delegates */,
				A3C313F92C71214B0098FC05 /* ViewControllers */,
				A3D40DAD2C71099500D67FB2 /* Main.storyboard */,
				A3D40DB02C71099600D67FB2 /* Assets.xcassets */,
				A3D40DB22C71099600D67FB2 /* LaunchScreen.storyboard */,
				A3D40DB52C71099600D67FB2 /* Info.plist */,
				A3D40DBB2C710B8500D67FB2 /* GoogleService-Info.plist */,
			);
			path = SnapchatClone;
			sourceTree = "<group>";
		};
/* End PBXGroup section */

/* Begin PBXNativeTarget section */
		A3D40DA32C71099500D67FB2 /* SnapchatClone */ = {
			isa = PBXNativeTarget;
			buildConfigurationList = A3D40DB82C71099600D67FB2 /* Build configuration list for PBXNativeTarget "SnapchatClone" */;
			buildPhases = (
				A3D40DA02C71099500D67FB2 /* Sources */,
				A3D40DA12C71099500D67FB2 /* Frameworks */,
				A3D40DA22C71099500D67FB2 /* Resources */,
			);
			buildRules = (
			);
			dependencies = (
			);
			name = SnapchatClone;
			packageProductDependencies = (
				A3C313EB2C710DDE0098FC05 /* FirebaseAnalytics */,
				A3C313ED2C710DDE0098FC05 /* FirebaseAuth */,
				A3C313EF2C710DDE0098FC05 /* FirebaseFirestore */,
				A3C313F12C710DDE0098FC05 /* FirebaseStorage */,
			);
			productName = SnapchatClone;
			productReference = A3D40DA42C71099500D67FB2 /* SnapchatClone.app */;
			productType = "com.apple.product-type.application";
		};
/* End PBXNativeTarget section */

/* Begin PBXProject section */
		A3D40D9C2C71099500D67FB2 /* Project object */ = {
			isa = PBXProject;
			attributes = {
				BuildIndependentTargetsInParallel = 1;
				LastSwiftUpdateCheck = 1540;
				LastUpgradeCheck = 1540;
				TargetAttributes = {
					A3D40DA32C71099500D67FB2 = {
						CreatedOnToolsVersion = 15.4;
					};
				};
			};
			buildConfigurationList = A3D40D9F2C71099500D67FB2 /* Build configuration list for PBXProject "SnapchatClone" */;
			compatibilityVersion = "Xcode 14.0";
			developmentRegion = en;
			hasScannedForEncodings = 0;
			knownRegions = (
				en,
				Base,
			);
			mainGroup = A3D40D9B2C71099500D67FB2;
			packageReferences = (
				A3C313EA2C710DDE0098FC05 /* XCRemoteSwiftPackageReference "firebase-ios-sdk" */,
			);
			productRefGroup = A3D40DA52C71099500D67FB2 /* Products */;
			projectDirPath = "";
			projectRoot = "";
			targets = (
				A3D40DA32C71099500D67FB2 /* SnapchatClone */,
			);
		};
/* End PBXProject section */

/* Begin PBXResourcesBuildPhase section */
		A3D40DA22C71099500D67FB2 /* Resources */ = {
			isa = PBXResourcesBuildPhase;
			buildActionMask = 2147483647;
			files = (
				A3D40DB12C71099600D67FB2 /* Assets.xcassets in Resources */,
				A3D40DBC2C710B8500D67FB2 /* GoogleService-Info.plist in Resources */,
				A3D40DB42C71099600D67FB2 /* Base in Resources */,
				A3D40DAF2C71099500D67FB2 /* Base in Resources */,
			);
			runOnlyForDeploymentPostprocessing = 0;
		};
/* End PBXResourcesBuildPhase section */

/* Begin PBXSourcesBuildPhase section */
		A3D40DA02C71099500D67FB2 /* Sources */ = {
			isa = PBXSourcesBuildPhase;
			buildActionMask = 2147483647;
			files = (
				A313EFC32C73AB150056B40B /* UserSingleton.swift in Sources */,
				A3C313F42C7120E00098FC05 /* FeedVC.swift in Sources */,
				A3D40DAC2C71099500D67FB2 /* SignInVC.swift in Sources */,
				A3D40DA82C71099500D67FB2 /* AppDelegate.swift in Sources */,
				A3C313F62C7120FD0098FC05 /* UploadVC.swift in Sources */,
				A3C313FC2C7126B20098FC05 /* SnapVC.swift in Sources */,
				A3D40DAA2C71099500D67FB2 /* SceneDelegate.swift in Sources */,
				A3C313F82C71213B0098FC05 /* SettingsVC.swift in Sources */,
				A3D663842C742EBB00E14445 /* FeedCell.swift in Sources */,
			);
			runOnlyForDeploymentPostprocessing = 0;
		};
/* End PBXSourcesBuildPhase section */

/* Begin PBXVariantGroup section */
		A3D40DAD2C71099500D67FB2 /* Main.storyboard */ = {
			isa = PBXVariantGroup;
			children = (
				A3D40DAE2C71099500D67FB2 /* Base */,
			);
			name = Main.storyboard;
			sourceTree = "<group>";
		};
		A3D40DB22C71099600D67FB2 /* LaunchScreen.storyboard */ = {
			isa = PBXVariantGroup;
			children = (
				A3D40DB32C71099600D67FB2 /* Base */,
			);
			name = LaunchScreen.storyboard;
			sourceTree = "<group>";
		};
/* End PBXVariantGroup section */

/* Begin XCBuildConfiguration section */
		A3D40DB62C71099600D67FB2 /* Debug */ = {
			isa = XCBuildConfiguration;
			buildSettings = {
				ALWAYS_SEARCH_USER_PATHS = NO;
				ASSETCATALOG_COMPILER_GENERATE_SWIFT_ASSET_SYMBOL_EXTENSIONS = YES;
				CLANG_ANALYZER_NONNULL = YES;
				CLANG_ANALYZER_NUMBER_OBJECT_CONVERSION = YES_AGGRESSIVE;
				CLANG_CXX_LANGUAGE_STANDARD = "gnu++20";
				CLANG_ENABLE_MODULES = YES;
				CLANG_ENABLE_OBJC_ARC = YES;
				CLANG_ENABLE_OBJC_WEAK = YES;
				CLANG_WARN_BLOCK_CAPTURE_AUTORELEASING = YES;
				CLANG_WARN_BOOL_CONVERSION = YES;
				CLANG_WARN_COMMA = YES;
				CLANG_WARN_CONSTANT_CONVERSION = YES;
				CLANG_WARN_DEPRECATED_OBJC_IMPLEMENTATIONS = YES;
				CLANG_WARN_DIRECT_OBJC_ISA_USAGE = YES_ERROR;
				CLANG_WARN_DOCUMENTATION_COMMENTS = YES;
				CLANG_WARN_EMPTY_BODY = YES;
				CLANG_WARN_ENUM_CONVERSION = YES;
				CLANG_WARN_INFINITE_RECURSION = YES;
				CLANG_WARN_INT_CONVERSION = YES;
				CLANG_WARN_NON_LITERAL_NULL_CONVERSION = YES;
				CLANG_WARN_OBJC_IMPLICIT_RETAIN_SELF = YES;
				CLANG_WARN_OBJC_LITERAL_CONVERSION = YES;
				CLANG_WARN_OBJC_ROOT_CLASS = YES_ERROR;
				CLANG_WARN_QUOTED_INCLUDE_IN_FRAMEWORK_HEADER = YES;
				CLANG_WARN_RANGE_LOOP_ANALYSIS = YES;
				CLANG_WARN_STRICT_PROTOTYPES = YES;
				CLANG_WARN_SUSPICIOUS_MOVE = YES;
				CLANG_WARN_UNGUARDED_AVAILABILITY = YES_AGGRESSIVE;
				CLANG_WARN_UNREACHABLE_CODE = YES;
				CLANG_WARN__DUPLICATE_METHOD_MATCH = YES;
				COPY_PHASE_STRIP = NO;
				DEBUG_INFORMATION_FORMAT = dwarf;
				ENABLE_STRICT_OBJC_MSGSEND = YES;
				ENABLE_TESTABILITY = YES;
				ENABLE_USER_SCRIPT_SANDBOXING = YES;
				GCC_C_LANGUAGE_STANDARD = gnu17;
				GCC_DYNAMIC_NO_PIC = NO;
				GCC_NO_COMMON_BLOCKS = YES;
				GCC_OPTIMIZATION_LEVEL = 0;
				GCC_PREPROCESSOR_DEFINITIONS = (
					"DEBUG=1",
					"$(inherited)",
				);
				GCC_WARN_64_TO_32_BIT_CONVERSION = YES;
				GCC_WARN_ABOUT_RETURN_TYPE = YES_ERROR;
				GCC_WARN_UNDECLARED_SELECTOR = YES;
				GCC_WARN_UNINITIALIZED_AUTOS = YES_AGGRESSIVE;
				GCC_WARN_UNUSED_FUNCTION = YES;
				GCC_WARN_UNUSED_VARIABLE = YES;
				IPHONEOS_DEPLOYMENT_TARGET = 17.5;
				LOCALIZATION_PREFERS_STRING_CATALOGS = YES;
				MTL_ENABLE_DEBUG_INFO = INCLUDE_SOURCE;
				MTL_FAST_MATH = YES;
				ONLY_ACTIVE_ARCH = YES;
				SDKROOT = iphoneos;
				SWIFT_ACTIVE_COMPILATION_CONDITIONS = "DEBUG $(inherited)";
				SWIFT_OPTIMIZATION_LEVEL = "-Onone";
			};
			name = Debug;
		};
		A3D40DB72C71099600D67FB2 /* Release */ = {
			isa = XCBuildConfiguration;
			buildSettings = {
				ALWAYS_SEARCH_USER_PATHS = NO;
				ASSETCATALOG_COMPILER_GENERATE_SWIFT_ASSET_SYMBOL_EXTENSIONS = YES;
				CLANG_ANALYZER_NONNULL = YES;
				CLANG_ANALYZER_NUMBER_OBJECT_CONVERSION = YES_AGGRESSIVE;
				CLANG_CXX_LANGUAGE_STANDARD = "gnu++20";
				CLANG_ENABLE_MODULES = YES;
				CLANG_ENABLE_OBJC_ARC = YES;
				CLANG_ENABLE_OBJC_WEAK = YES;
				CLANG_WARN_BLOCK_CAPTURE_AUTORELEASING = YES;
				CLANG_WARN_BOOL_CONVERSION = YES;
				CLANG_WARN_COMMA = YES;
				CLANG_WARN_CONSTANT_CONVERSION = YES;
				CLANG_WARN_DEPRECATED_OBJC_IMPLEMENTATIONS = YES;
				CLANG_WARN_DIRECT_OBJC_ISA_USAGE = YES_ERROR;
				CLANG_WARN_DOCUMENTATION_COMMENTS = YES;
				CLANG_WARN_EMPTY_BODY = YES;
				CLANG_WARN_ENUM_CONVERSION = YES;
				CLANG_WARN_INFINITE_RECURSION = YES;
				CLANG_WARN_INT_CONVERSION = YES;
				CLANG_WARN_NON_LITERAL_NULL_CONVERSION = YES;
				CLANG_WARN_OBJC_IMPLICIT_RETAIN_SELF = YES;
				CLANG_WARN_OBJC_LITERAL_CONVERSION = YES;
				CLANG_WARN_OBJC_ROOT_CLASS = YES_ERROR;
				CLANG_WARN_QUOTED_INCLUDE_IN_FRAMEWORK_HEADER = YES;
				CLANG_WARN_RANGE_LOOP_ANALYSIS = YES;
				CLANG_WARN_STRICT_PROTOTYPES = YES;
				CLANG_WARN_SUSPICIOUS_MOVE = YES;
				CLANG_WARN_UNGUARDED_AVAILABILITY = YES_AGGRESSIVE;
				CLANG_WARN_UNREACHABLE_CODE = YES;
				CLANG_WARN__DUPLICATE_METHOD_MATCH = YES;
				COPY_PHASE_STRIP = NO;
				DEBUG_INFORMATION_FORMAT = "dwarf-with-dsym";
				ENABLE_NS_ASSERTIONS = NO;
				ENABLE_STRICT_OBJC_MSGSEND = YES;
				ENABLE_USER_SCRIPT_SANDBOXING = YES;
				GCC_C_LANGUAGE_STANDARD = gnu17;
				GCC_NO_COMMON_BLOCKS = YES;
				GCC_WARN_64_TO_32_BIT_CONVERSION = YES;
				GCC_WARN_ABOUT_RETURN_TYPE = YES_ERROR;
				GCC_WARN_UNDECLARED_SELECTOR = YES;
				GCC_WARN_UNINITIALIZED_AUTOS = YES_AGGRESSIVE;
				GCC_WARN_UNUSED_FUNCTION = YES;
				GCC_WARN_UNUSED_VARIABLE = YES;
				IPHONEOS_DEPLOYMENT_TARGET = 17.5;
				LOCALIZATION_PREFERS_STRING_CATALOGS = YES;
				MTL_ENABLE_DEBUG_INFO = NO;
				MTL_FAST_MATH = YES;
				SDKROOT = iphoneos;
				SWIFT_COMPILATION_MODE = wholemodule;
				VALIDATE_PRODUCT = YES;
			};
			name = Release;
		};
		A3D40DB92C71099600D67FB2 /* Debug */ = {
			isa = XCBuildConfiguration;
			buildSettings = {
				ASSETCATALOG_COMPILER_APPICON_NAME = AppIcon;
				ASSETCATALOG_COMPILER_GLOBAL_ACCENT_COLOR_NAME = AccentColor;
				CODE_SIGN_STYLE = Automatic;
				CURRENT_PROJECT_VERSION = 1;
				DEVELOPMENT_TEAM = 699GP28SCL;
				GENERATE_INFOPLIST_FILE = YES;
				INFOPLIST_FILE = SnapchatClone/Info.plist;
				INFOPLIST_KEY_UIApplicationSupportsIndirectInputEvents = YES;
				INFOPLIST_KEY_UILaunchStoryboardName = LaunchScreen;
				INFOPLIST_KEY_UIMainStoryboardFile = Main;
				INFOPLIST_KEY_UISupportedInterfaceOrientations_iPad = "UIInterfaceOrientationPortrait UIInterfaceOrientationPortraitUpsideDown UIInterfaceOrientationLandscapeLeft UIInterfaceOrientationLandscapeRight";
				INFOPLIST_KEY_UISupportedInterfaceOrientations_iPhone = "UIInterfaceOrientationPortrait UIInterfaceOrientationLandscapeLeft UIInterfaceOrientationLandscapeRight";
				LD_RUNPATH_SEARCH_PATHS = (
					"$(inherited)",
					"@executable_path/Frameworks",
				);
				MARKETING_VERSION = 1.0;
				NEW_SETTING = "";
				PRODUCT_BUNDLE_IDENTIFIER = com.marksantoro.SnapchatClone;
				PRODUCT_NAME = "$(TARGET_NAME)";
				SWIFT_EMIT_LOC_STRINGS = YES;
				SWIFT_VERSION = 5.0;
				TARGETED_DEVICE_FAMILY = "1,2";
			};
			name = Debug;
		};
		A3D40DBA2C71099600D67FB2 /* Release */ = {
			isa = XCBuildConfiguration;
			buildSettings = {
				ASSETCATALOG_COMPILER_APPICON_NAME = AppIcon;
				ASSETCATALOG_COMPILER_GLOBAL_ACCENT_COLOR_NAME = AccentColor;
				CODE_SIGN_STYLE = Automatic;
				CURRENT_PROJECT_VERSION = 1;
				DEVELOPMENT_TEAM = 699GP28SCL;
				GENERATE_INFOPLIST_FILE = YES;
				INFOPLIST_FILE = SnapchatClone/Info.plist;
				INFOPLIST_KEY_UIApplicationSupportsIndirectInputEvents = YES;
				INFOPLIST_KEY_UILaunchStoryboardName = LaunchScreen;
				INFOPLIST_KEY_UIMainStoryboardFile = Main;
				INFOPLIST_KEY_UISupportedInterfaceOrientations_iPad = "UIInterfaceOrientationPortrait UIInterfaceOrientationPortraitUpsideDown UIInterfaceOrientationLandscapeLeft UIInterfaceOrientationLandscapeRight";
				INFOPLIST_KEY_UISupportedInterfaceOrientations_iPhone = "UIInterfaceOrientationPortrait UIInterfaceOrientationLandscapeLeft UIInterfaceOrientationLandscapeRight";
				LD_RUNPATH_SEARCH_PATHS = (
					"$(inherited)",
					"@executable_path/Frameworks",
				);
				MARKETING_VERSION = 1.0;
				NEW_SETTING = "";
				PRODUCT_BUNDLE_IDENTIFIER = com.marksantoro.SnapchatClone;
				PRODUCT_NAME = "$(TARGET_NAME)";
				SWIFT_EMIT_LOC_STRINGS = YES;
				SWIFT_VERSION = 5.0;
				TARGETED_DEVICE_FAMILY = "1,2";
			};
			name = Release;
		};
/* End XCBuildConfiguration section */

/* Begin XCConfigurationList section */
		A3D40D9F2C71099500D67FB2 /* Build configuration list for PBXProject "SnapchatClone" */ = {
			isa = XCConfigurationList;
			buildConfigurations = (
				A3D40DB62C71099600D67FB2 /* Debug */,
				A3D40DB72C71099600D67FB2 /* Release */,
			);
			defaultConfigurationIsVisible = 0;
			defaultConfigurationName = Release;
		};
		A3D40DB82C71099600D67FB2 /* Build configuration list for PBXNativeTarget "SnapchatClone" */ = {
			isa = XCConfigurationList;
			buildConfigurations = (
				A3D40DB92C71099600D67FB2 /* Debug */,
				A3D40DBA2C71099600D67FB2 /* Release */,
			);
			defaultConfigurationIsVisible = 0;
			defaultConfigurationName = Release;
		};
/* End XCConfigurationList section */

/* Begin XCRemoteSwiftPackageReference section */
		A3C313EA2C710DDE0098FC05 /* XCRemoteSwiftPackageReference "firebase-ios-sdk" */ = {
			isa = XCRemoteSwiftPackageReference;
			repositoryURL = "https://github.com/firebase/firebase-ios-sdk";
			requirement = {
				kind = upToNextMajorVersion;
				minimumVersion = 11.0.0;
			};
		};
/* End XCRemoteSwiftPackageReference section */

/* Begin XCSwiftPackageProductDependency section */
		A3C313EB2C710DDE0098FC05 /* FirebaseAnalytics */ = {
			isa = XCSwiftPackageProductDependency;
			package = A3C313EA2C710DDE0098FC05 /* XCRemoteSwiftPackageReference "firebase-ios-sdk" */;
			productName = FirebaseAnalytics;
		};
		A3C313ED2C710DDE0098FC05 /* FirebaseAuth */ = {
			isa = XCSwiftPackageProductDependency;
			package = A3C313EA2C710DDE0098FC05 /* XCRemoteSwiftPackageReference "firebase-ios-sdk" */;
			productName = FirebaseAuth;
		};
		A3C313EF2C710DDE0098FC05 /* FirebaseFirestore */ = {
			isa = XCSwiftPackageProductDependency;
			package = A3C313EA2C710DDE0098FC05 /* XCRemoteSwiftPackageReference "firebase-ios-sdk" */;
			productName = FirebaseFirestore;
		};
		A3C313F12C710DDE0098FC05 /* FirebaseStorage */ = {
			isa = XCSwiftPackageProductDependency;
			package = A3C313EA2C710DDE0098FC05 /* XCRemoteSwiftPackageReference "firebase-ios-sdk" */;
			productName = FirebaseStorage;
		};
/* End XCSwiftPackageProductDependency section */
	};
	rootObject = A3D40D9C2C71099500D67FB2 /* Project object */;
}
